
Microsoft Visual Studio Solution File, Format Version 10.00
# Visual Studio 2008
Project("{FAE04EC0-301F-11D3-BF4B-00C04F79EFBC}") = "EventAggregator", "EventAggregator\EventAggregator.csproj", "{3BE7F2DA-FA91-453E-989E-2B821A3BB2D8}"
EndProject
Project("{FAE04EC0-301F-11D3-BF4B-00C04F79EFBC}") = "EventAggregator.Tests", "EventAggregator.Tests\EventAggregator.Tests.csproj", "{0E724138-B16F-4EB6-98F4-F0794F9095A3}"
EndProject
Global
	GlobalSection(SolutionConfigurationPlatforms) = preSolution
		Debug|Any CPU = Debug|Any CPU
		Release|Any CPU = Release|Any CPU
	EndGlobalSection
	GlobalSection(ProjectConfigurationPlatforms) = postSolution
		{3BE7F2DA-FA91-453E-989E-2B821A3BB2D8}.Debug|Any CPU.ActiveCfg = Debug|Any CPU
		{3BE7F2DA-FA91-453E-989E-2B821A3BB2D8}.Debug|Any CPU.Build.0 = Debug|Any CPU
		{3BE7F2DA-FA91-453E-989E-2B821A3BB2D8}.Release|Any CPU.ActiveCfg = Release|Any CPU
		{3BE7F2DA-FA91-453E-989E-2B821A3BB2D8}.Release|Any CPU.Build.0 = Release|Any CPU
		{0E724138-B16F-4EB6-98F4-F0794F9095A3}.Debug|Any CPU.ActiveCfg = Debug|Any CPU
		{0E724138-B16F-4EB6-98F4-F0794F9095A3}.Debug|Any CPU.Build.0 = Debug|Any CPU
		{0E724138-B16F-4EB6-98F4-F0794F9095A3}.Release|Any CPU.ActiveCfg = Release|Any CPU
		{0E724138-B16F-4EB6-98F4-F0794F9095A3}.Release|Any CPU.Build.0 = Release|Any CPU
	EndGlobalSection
	GlobalSection(SolutionProperties) = preSolution
		HideSolutionNode = FALSE
	EndGlobalSection
EndGlobal
